{
  "pins" : [
    {
      "identity" : "kvasercan-library",
      "kind" : "remoteSourceControl",
      "location" : "https://github.com/mac-can/KvaserCAN-Library",
      "state" : {
        "branch" : "main",
        "revision" : "d950b79dc4ff2e9a3110c8f8c66936a4f853a055"
      }
    }
  ],
  "version" : 2
}
