{
  "object": {
    "pins": [
      {
        "package": "MacCAN-KvaserCAN",
        "repositoryURL": "https://github.com/mac-can/MacCAN-KvaserCAN.git",
        "state": {
          "branch": "main",
          "revision": "b293c55286a7911d9033766a9fbc535b40b0e704",
          "version": null
        }
      }
    ]
  },
  "version": 1
}
